{
    "_meta": {
        "hash": {
            "sha256": "ab9f78af10d15c19e5fc67ec6df78a6a3a25f938abb68057346491b7e7c5058b"
        },
        "pipfile-spec": 6,
        "requires": {
            "python_version": "3.10"
        },
        "sources": [
            {
                "name": "pypi",
                "url": "https://pypi.org/simple",
                "verify_ssl": true
            }
        ]
    },
    "default": {
        "dill": {
            "hashes": [
                "sha256:a07ffd2351b8c678dfc4a856a3005f8067aea51d6ba6c700796a4d9e280f39f0",
                "sha256:e5db55f3687856d8fbdab002ed78544e1c4559a130302693d839dfe8f93f2373"
            ],
            "index": "pypi",
            "version": "==0.3.6"
        },
        "thespian": {
            "hashes": [
                "sha256:1dc1ef66d32906d357abd629d9ac9e1d3b887fb8290546fac59aa368409b7e0a"
            ],
            "index": "pypi",
            "version": "==3.10.7"
        }
    },
    "develop": {}
}
